{
  "version": "3",
  "redirects": {
    "https://esm.sh/preact-render-to-string/": "https://esm.sh/preact-render-to-string@6.2.2/"
  },
  "remote": {
    "https://esm.sh/preact-render-to-string@6.2.2/": "558965f6ed077a5b8b0f63a6ff59d7d560ab18564a9c1facbda10b1e5e3faed6",
    "https://esm.sh/preact@10.18.1/jsx-runtime": "019f849249d70baa9aefb684a8f1fbc350a893beae719a60b6c80adf3463b073",
    "https://esm.sh/stable/preact@10.18.1/denonext/jsx-runtime.js": "be3f1ff4c3c03b08ed19d69428e35bf3d90360a8e081a2e60075ddfd38fd86df",
    "https://esm.sh/stable/preact@10.18.1/denonext/preact.mjs": "b2ad171554b90f2be0f30b1318f63d0df90420b2bdb727fddd97193daa177f84",
    "https://esm.sh/v133/preact-render-to-string@6.2.2/denonext/preact-render-to-string.mjs": "805f1890d7aae73bc1b5edadded39d73a2fe31582503506e3e188bd649cb0776"
  }
}
